// !$*UTF8*$!
{
	archiveVersion = 1;
	classes = {
	};
	objectVersion = 46;
	objects = {

/* Begin PBXBuildFile section */
		A02CF5C11E24C05600D09780 /* AppDelegate.swift in Sources */ = {isa = PBXBuildFile; fileRef = A02CF5C01E24C05600D09780 /* AppDelegate.swift */; };
		A02CF5C31E24C05600D09780 /* ViewController.swift in Sources */ = {isa = PBXBuildFile; fileRef = A02CF5C21E24C05600D09780 /* ViewController.swift */; };
		A02CF5C61E24C05600D09780 /* Main.storyboard in Resources */ = {isa = PBXBuildFile; fileRef = A02CF5C41E24C05600D09780 /* Main.storyboard */; };
		A02CF5C81E24C05600D09780 /* Assets.xcassets in Resources */ = {isa = PBXBuildFile; fileRef = A02CF5C71E24C05600D09780 /* Assets.xcassets */; };
		A02CF5CB1E24C05600D09780 /* LaunchScreen.storyboard in Resources */ = {isa = PBXBuildFile; fileRef = A02CF5C91E24C05600D09780 /* LaunchScreen.storyboard */; };
		A046F1A41E24C248001AAFEC /* FloatingLabelTextField.swift in Sources */ = {isa = PBXBuildFile; fileRef = A046F1A31E24C248001AAFEC /* FloatingLabelTextField.swift */; };
		A046F1A71E24C256001AAFEC /* GMSearchText.swift in Sources */ = {isa = PBXBuildFile; fileRef = A046F1A51E24C256001AAFEC /* GMSearchText.swift */; };
		A046F1A81E24C256001AAFEC /* GMSearchTextDropdown.swift in Sources */ = {isa = PBXBuildFile; fileRef = A046F1A61E24C256001AAFEC /* GMSearchTextDropdown.swift */; };
/* End PBXBuildFile section */

/* Begin PBXFileReference section */
		A02CF5BD1E24C05600D09780 /* GMSearchTextWithDropdown.app */ = {isa = PBXFileReference; explicitFileType = wrapper.application; includeInIndex = 0; path = GMSearchTextWithDropdown.app; sourceTree = BUILT_PRODUCTS_DIR; };
		A02CF5C01E24C05600D09780 /* AppDelegate.swift */ = {isa = PBXFileReference; lastKnownFileType = sourcecode.swift; path = AppDelegate.swift; sourceTree = "<group>"; };
		A02CF5C21E24C05600D09780 /* ViewController.swift */ = {isa = PBXFileReference; lastKnownFileType = sourcecode.swift; path = ViewController.swift; sourceTree = "<group>"; };
		A02CF5C51E24C05600D09780 /* Base */ = {isa = PBXFileReference; lastKnownFileType = file.storyboard; name = Base; path = Base.lproj/Main.storyboard; sourceTree = "<group>"; };
		A02CF5C71E24C05600D09780 /* Assets.xcassets */ = {isa = PBXFileReference; lastKnownFileType = folder.assetcatalog; path = Assets.xcassets; sourceTree = "<group>"; };
		A02CF5CA1E24C05600D09780 /* Base */ = {isa = PBXFileReference; lastKnownFileType = file.storyboard; name = Base; path = Base.lproj/LaunchScreen.storyboard; sourceTree = "<group>"; };
		A02CF5CC1E24C05600D09780 /* Info.plist */ = {isa = PBXFileReference; lastKnownFileType = text.plist.xml; path = Info.plist; sourceTree = "<group>"; };
		A046F1A31E24C248001AAFEC /* FloatingLabelTextField.swift */ = {isa = PBXFileReference; fileEncoding = 4; lastKnownFileType = sourcecode.swift; name = FloatingLabelTextField.swift; path = FloatingLabel/FloatingLabelTextField.swift; sourceTree = "<group>"; };
		A046F1A51E24C256001AAFEC /* GMSearchText.swift */ = {isa = PBXFileReference; fileEncoding = 4; lastKnownFileType = sourcecode.swift; name = GMSearchText.swift; path = GMSearchTextDropdown/GMSearchText.swift; sourceTree = "<group>"; };
		A046F1A61E24C256001AAFEC /* GMSearchTextDropdown.swift */ = {isa = PBXFileReference; fileEncoding = 4; lastKnownFileType = sourcecode.swift; name = GMSearchTextDropdown.swift; path = GMSearchTextDropdown/GMSearchTextDropdown.swift; sourceTree = "<group>"; };
/* End PBXFileReference section */

/* Begin PBXFrameworksBuildPhase section */
		A02CF5BA1E24C05600D09780 /* Frameworks */ = {
			isa = PBXFrameworksBuildPhase;
			buildActionMask = 2147483647;
			files = (
			);
			runOnlyForDeploymentPostprocessing = 0;
		};
/* End PBXFrameworksBuildPhase section */

/* Begin PBXGroup section */
		A02CF5B41E24C05600D09780 = {
			isa = PBXGroup;
			children = (
				A02CF5BF1E24C05600D09780 /* GMSearchTextWithDropdown */,
				A02CF5BE1E24C05600D09780 /* Products */,
			);
			sourceTree = "<group>";
		};
		A02CF5BE1E24C05600D09780 /* Products */ = {
			isa = PBXGroup;
			children = (
				A02CF5BD1E24C05600D09780 /* GMSearchTextWithDropdown.app */,
			);
			name = Products;
			sourceTree = "<group>";
		};
		A02CF5BF1E24C05600D09780 /* GMSearchTextWithDropdown */ = {
			isa = PBXGroup;
			children = (
				A046F1A21E24C22F001AAFEC /* GMSearchTextDropdown */,
				A046F1A11E24C223001AAFEC /* FloatingLabel */,
				A02CF5C01E24C05600D09780 /* AppDelegate.swift */,
				A02CF5C21E24C05600D09780 /* ViewController.swift */,
				A02CF5C41E24C05600D09780 /* Main.storyboard */,
				A02CF5C71E24C05600D09780 /* Assets.xcassets */,
				A02CF5C91E24C05600D09780 /* LaunchScreen.storyboard */,
				A02CF5CC1E24C05600D09780 /* Info.plist */,
			);
			path = GMSearchTextWithDropdown;
			sourceTree = "<group>";
		};
		A046F1A11E24C223001AAFEC /* FloatingLabel */ = {
			isa = PBXGroup;
			children = (
				A046F1A31E24C248001AAFEC /* FloatingLabelTextField.swift */,
			);
			name = FloatingLabel;
			sourceTree = "<group>";
		};
		A046F1A21E24C22F001AAFEC /* GMSearchTextDropdown */ = {
			isa = PBXGroup;
			children = (
				A046F1A51E24C256001AAFEC /* GMSearchText.swift */,
				A046F1A61E24C256001AAFEC /* GMSearchTextDropdown.swift */,
			);
			name = GMSearchTextDropdown;
			sourceTree = "<group>";
		};
/* End PBXGroup section */

/* Begin PBXNativeTarget section */
		A02CF5BC1E24C05600D09780 /* GMSearchTextWithDropdown */ = {
			isa = PBXNativeTarget;
			buildConfigurationList = A02CF5CF1E24C05600D09780 /* Build configuration list for PBXNativeTarget "GMSearchTextWithDropdown" */;
			buildPhases = (
				A02CF5B91E24C05600D09780 /* Sources */,
				A02CF5BA1E24C05600D09780 /* Frameworks */,
				A02CF5BB1E24C05600D09780 /* Resources */,
			);
			buildRules = (
			);
			dependencies = (
			);
			name = GMSearchTextWithDropdown;
			productName = GMSearchTextWithDropdown;
			productReference = A02CF5BD1E24C05600D09780 /* GMSearchTextWithDropdown.app */;
			productType = "com.apple.product-type.application";
		};
/* End PBXNativeTarget section */

/* Begin PBXProject section */
		A02CF5B51E24C05600D09780 /* Project object */ = {
			isa = PBXProject;
			attributes = {
				LastSwiftUpdateCheck = 0820;
				LastUpgradeCheck = 0820;
				ORGANIZATIONNAME = "Gina Mullins";
				TargetAttributes = {
					A02CF5BC1E24C05600D09780 = {
						CreatedOnToolsVersion = 8.2.1;
						DevelopmentTeam = 68S363QCVZ;
						ProvisioningStyle = Automatic;
					};
				};
			};
			buildConfigurationList = A02CF5B81E24C05600D09780 /* Build configuration list for PBXProject "GMSearchTextWithDropdown" */;
			compatibilityVersion = "Xcode 3.2";
			developmentRegion = English;
			hasScannedForEncodings = 0;
			knownRegions = (
				en,
				Base,
			);
			mainGroup = A02CF5B41E24C05600D09780;
			productRefGroup = A02CF5BE1E24C05600D09780 /* Products */;
			projectDirPath = "";
			projectRoot = "";
			targets = (
				A02CF5BC1E24C05600D09780 /* GMSearchTextWithDropdown */,
			);
		};
/* End PBXProject section */

/* Begin PBXResourcesBuildPhase section */
		A02CF5BB1E24C05600D09780 /* Resources */ = {
			isa = PBXResourcesBuildPhase;
			buildActionMask = 2147483647;
			files = (
				A02CF5CB1E24C05600D09780 /* LaunchScreen.storyboard in Resources */,
				A02CF5C81E24C05600D09780 /* Assets.xcassets in Resources */,
				A02CF5C61E24C05600D09780 /* Main.storyboard in Resources */,
			);
			runOnlyForDeploymentPostprocessing = 0;
		};
/* End PBXResourcesBuildPhase section */

/* Begin PBXSourcesBuildPhase section */
		A02CF5B91E24C05600D09780 /* Sources */ = {
			isa = PBXSourcesBuildPhase;
			buildActionMask = 2147483647;
			files = (
				A046F1A71E24C256001AAFEC /* GMSearchText.swift in Sources */,
				A02CF5C31E24C05600D09780 /* ViewController.swift in Sources */,
				A046F1A41E24C248001AAFEC /* FloatingLabelTextField.swift in Sources */,
				A046F1A81E24C256001AAFEC /* GMSearchTextDropdown.swift in Sources */,
				A02CF5C11E24C05600D09780 /* AppDelegate.swift in Sources */,
			);
			runOnlyForDeploymentPostprocessing = 0;
		};
/* End PBXSourcesBuildPhase section */

/* Begin PBXVariantGroup section */
		A02CF5C41E24C05600D09780 /* Main.storyboard */ = {
			isa = PBXVariantGroup;
			children = (
				A02CF5C51E24C05600D09780 /* Base */,
			);
			name = Main.storyboard;
			sourceTree = "<group>";
		};
		A02CF5C91E24C05600D09780 /* LaunchScreen.storyboard */ = {
			isa = PBXVariantGroup;
			children = (
				A02CF5CA1E24C05600D09780 /* Base */,
			);
			name = LaunchScreen.storyboard;
			sourceTree = "<group>";
		};
/* End PBXVariantGroup section */

/* Begin XCBuildConfiguration section */
		A02CF5CD1E24C05600D09780 /* Debug */ = {
			isa = XCBuildConfiguration;
			buildSettings = {
				ALWAYS_SEARCH_USER_PATHS = NO;
				CLANG_ANALYZER_NONNULL = YES;
				CLANG_CXX_LANGUAGE_STANDARD = "gnu++0x";
				CLANG_CXX_LIBRARY = "libc++";
				CLANG_ENABLE_MODULES = YES;
				CLANG_ENABLE_OBJC_ARC = YES;
				CLANG_WARN_BOOL_CONVERSION = YES;
				CLANG_WARN_CONSTANT_CONVERSION = YES;
				CLANG_WARN_DIRECT_OBJC_ISA_USAGE = YES_ERROR;
				CLANG_WARN_DOCUMENTATION_COMMENTS = YES;
				CLANG_WARN_EMPTY_BODY = YES;
				CLANG_WARN_ENUM_CONVERSION = YES;
				CLANG_WARN_INFINITE_RECURSION = YES;
				CLANG_WARN_INT_CONVERSION = YES;
				CLANG_WARN_OBJC_ROOT_CLASS = YES_ERROR;
				CLANG_WARN_SUSPICIOUS_MOVE = YES;
				CLANG_WARN_UNREACHABLE_CODE = YES;
				CLANG_WARN__DUPLICATE_METHOD_MATCH = YES;
				"CODE_SIGN_IDENTITY[sdk=iphoneos*]" = "iPhone Developer";
				COPY_PHASE_STRIP = NO;
				DEBUG_INFORMATION_FORMAT = dwarf;
				ENABLE_STRICT_OBJC_MSGSEND = YES;
				ENABLE_TESTABILITY = YES;
				GCC_C_LANGUAGE_STANDARD = gnu99;
				GCC_DYNAMIC_NO_PIC = NO;
				GCC_NO_COMMON_BLOCKS = YES;
				GCC_OPTIMIZATION_LEVEL = 0;
				GCC_PREPROCESSOR_DEFINITIONS = (
					"DEBUG=1",
					"$(inherited)",
				);
				GCC_WARN_64_TO_32_BIT_CONVERSION = YES;
				GCC_WARN_ABOUT_RETURN_TYPE = YES_ERROR;
				GCC_WARN_UNDECLARED_SELECTOR = YES;
				GCC_WARN_UNINITIALIZED_AUTOS = YES_AGGRESSIVE;
				GCC_WARN_UNUSED_FUNCTION = YES;
				GCC_WARN_UNUSED_VARIABLE = YES;
				IPHONEOS_DEPLOYMENT_TARGET = 10.2;
				MTL_ENABLE_DEBUG_INFO = YES;
				ONLY_ACTIVE_ARCH = YES;
				SDKROOT = iphoneos;
				SWIFT_ACTIVE_COMPILATION_CONDITIONS = DEBUG;
				SWIFT_OPTIMIZATION_LEVEL = "-Onone";
				TARGETED_DEVICE_FAMILY = "1,2";
			};
			name = Debug;
		};
		A02CF5CE1E24C05600D09780 /* Release */ = {
			isa = XCBuildConfiguration;
			buildSettings = {
				ALWAYS_SEARCH_USER_PATHS = NO;
				CLANG_ANALYZER_NONNULL = YES;
				CLANG_CXX_LANGUAGE_STANDARD = "gnu++0x";
				CLANG_CXX_LIBRARY = "libc++";
				CLANG_ENABLE_MODULES = YES;
				CLANG_ENABLE_OBJC_ARC = YES;
				CLANG_WARN_BOOL_CONVERSION = YES;
				CLANG_WARN_CONSTANT_CONVERSION = YES;
				CLANG_WARN_DIRECT_OBJC_ISA_USAGE = YES_ERROR;
				CLANG_WARN_DOCUMENTATION_COMMENTS = YES;
				CLANG_WARN_EMPTY_BODY = YES;
				CLANG_WARN_ENUM_CONVERSION = YES;
				CLANG_WARN_INFINITE_RECURSION = YES;
				CLANG_WARN_INT_CONVERSION = YES;
				CLANG_WARN_OBJC_ROOT_CLASS = YES_ERROR;
				CLANG_WARN_SUSPICIOUS_MOVE = YES;
				CLANG_WARN_UNREACHABLE_CODE = YES;
				CLANG_WARN__DUPLICATE_METHOD_MATCH = YES;
				"CODE_SIGN_IDENTITY[sdk=iphoneos*]" = "iPhone Developer";
				COPY_PHASE_STRIP = NO;
				DEBUG_INFORMATION_FORMAT = "dwarf-with-dsym";
				ENABLE_NS_ASSERTIONS = NO;
				ENABLE_STRICT_OBJC_MSGSEND = YES;
				GCC_C_LANGUAGE_STANDARD = gnu99;
				GCC_NO_COMMON_BLOCKS = YES;
				GCC_WARN_64_TO_32_BIT_CONVERSION = YES;
				GCC_WARN_ABOUT_RETURN_TYPE = YES_ERROR;
				GCC_WARN_UNDECLARED_SELECTOR = YES;
				GCC_WARN_UNINITIALIZED_AUTOS = YES_AGGRESSIVE;
				GCC_WARN_UNUSED_FUNCTION = YES;
				GCC_WARN_UNUSED_VARIABLE = YES;
				IPHONEOS_DEPLOYMENT_TARGET = 10.2;
				MTL_ENABLE_DEBUG_INFO = NO;
				SDKROOT = iphoneos;
				SWIFT_OPTIMIZATION_LEVEL = "-Owholemodule";
				TARGETED_DEVICE_FAMILY = "1,2";
				VALIDATE_PRODUCT = YES;
			};
			name = Release;
		};
		A02CF5D01E24C05600D09780 /* Debug */ = {
			isa = XCBuildConfiguration;
			buildSettings = {
				ASSETCATALOG_COMPILER_APPICON_NAME = AppIcon;
				DEVELOPMENT_TEAM = 68S363QCVZ;
				INFOPLIST_FILE = GMSearchTextWithDropdown/Info.plist;
				LD_RUNPATH_SEARCH_PATHS = "$(inherited) @executable_path/Frameworks";
				PRODUCT_BUNDLE_IDENTIFIER = LittlePeculiar.com.GMSearchTextWithDropdown;
				PRODUCT_NAME = "$(TARGET_NAME)";
				SWIFT_VERSION = 3.0;
			};
			name = Debug;
		};
		A02CF5D11E24C05600D09780 /* Release */ = {
			isa = XCBuildConfiguration;
			buildSettings = {
				ASSETCATALOG_COMPILER_APPICON_NAME = AppIcon;
				DEVELOPMENT_TEAM = 68S363QCVZ;
				INFOPLIST_FILE = GMSearchTextWithDropdown/Info.plist;
				LD_RUNPATH_SEARCH_PATHS = "$(inherited) @executable_path/Frameworks";
				PRODUCT_BUNDLE_IDENTIFIER = LittlePeculiar.com.GMSearchTextWithDropdown;
				PRODUCT_NAME = "$(TARGET_NAME)";
				SWIFT_VERSION = 3.0;
			};
			name = Release;
		};
/* End XCBuildConfiguration section */

/* Begin XCConfigurationList section */
		A02CF5B81E24C05600D09780 /* Build configuration list for PBXProject "GMSearchTextWithDropdown" */ = {
			isa = XCConfigurationList;
			buildConfigurations = (
				A02CF5CD1E24C05600D09780 /* Debug */,
				A02CF5CE1E24C05600D09780 /* Release */,
			);
			defaultConfigurationIsVisible = 0;
			defaultConfigurationName = Release;
		};
		A02CF5CF1E24C05600D09780 /* Build configuration list for PBXNativeTarget "GMSearchTextWithDropdown" */ = {
			isa = XCConfigurationList;
			buildConfigurations = (
				A02CF5D01E24C05600D09780 /* Debug */,
				A02CF5D11E24C05600D09780 /* Release */,
			);
			defaultConfigurationIsVisible = 0;
			defaultConfigurationName = Release;
		};
/* End XCConfigurationList section */
	};
	rootObject = A02CF5B51E24C05600D09780 /* Project object */;
}
